{
  "version": 4,
  "terraform_version": "1.1.7",
  "serial": 47,
  "lineage": "1286ab96-dd0b-3ed5-b209-1a38c95e5a3d",
  "outputs": {},
  "resources": [
    {
      "module": "module.file1",
      "mode": "data",
      "type": "aws_s3_object",
      "name": "preset",
      "provider": "module.file1.provider[\"registry.terraform.io/hashicorp/aws\"]",
      "instances": [
        {
          "schema_version": 0,
          "attributes": {
            "body": "This is a test file",
            "bucket": "sm-di-di-student34",
            "bucket_key_enabled": false,
            "cache_control": "",
            "content_disposition": "",
            "content_encoding": "",
            "content_language": "",
            "content_length": 19,
            "content_type": "text/*",
            "etag": "0b26e313ed4a7ca6904b0e9369e5b957",
            "expiration": "",
            "expires": "",
            "id": "sm-di-di-student34/preset/di-student34.txt",
            "key": "preset/di-student34.txt",
            "last_modified": "Wed, 08 Jun 2022 14:05:29 UTC",
            "metadata": {},
            "object_lock_legal_hold_status": "",
            "object_lock_mode": "",
            "object_lock_retain_until_date": "",
            "range": null,
            "server_side_encryption": "",
            "sse_kms_key_id": "",
            "storage_class": "STANDARD",
            "tags": {},
            "version_id": "",
            "website_redirect_location": ""
          },
          "sensitive_attributes": []
        }
      ]
    },
    {
      "module": "module.file1",
      "mode": "managed",
      "type": "aws_s3_object",
      "name": "count_example",
      "provider": "module.file1.provider[\"registry.terraform.io/hashicorp/aws\"]",
      "instances": [
        {
          "index_key": 0,
          "schema_version": 0,
          "attributes": {
            "acl": "private",
            "bucket": "sm-di-di-student34",
            "bucket_key_enabled": false,
            "cache_control": "",
            "content": "This is the file 0",
            "content_base64": null,
            "content_disposition": "",
            "content_encoding": "",
            "content_language": "",
            "content_type": "binary/octet-stream",
            "etag": "62c594e8da90435db5b0635dc6c3f381",
            "force_destroy": false,
            "id": "file-1",
            "key": "file-1",
            "kms_key_id": null,
            "metadata": null,
            "object_lock_legal_hold_status": "",
            "object_lock_mode": "",
            "object_lock_retain_until_date": "",
            "server_side_encryption": "",
            "source": null,
            "source_hash": null,
            "storage_class": "STANDARD",
            "tags": null,
            "tags_all": {},
            "version_id": "",
            "website_redirect": ""
          },
          "sensitive_attributes": [],
          "private": "bnVsbA=="
        },
        {
          "index_key": 1,
          "schema_version": 0,
          "attributes": {
            "acl": "private",
            "bucket": "sm-di-di-student34",
            "bucket_key_enabled": false,
            "cache_control": "",
            "content": "This is the file 1",
            "content_base64": null,
            "content_disposition": "",
            "content_encoding": "",
            "content_language": "",
            "content_type": "binary/octet-stream",
            "etag": "11092baba2ac37886fc62633af31155f",
            "force_destroy": false,
            "id": "file-2",
            "key": "file-2",
            "kms_key_id": null,
            "metadata": null,
            "object_lock_legal_hold_status": "",
            "object_lock_mode": "",
            "object_lock_retain_until_date": "",
            "server_side_encryption": "",
            "source": null,
            "source_hash": null,
            "storage_class": "STANDARD",
            "tags": null,
            "tags_all": {},
            "version_id": "",
            "website_redirect": ""
          },
          "sensitive_attributes": [],
          "private": "bnVsbA=="
        },
        {
          "index_key": 2,
          "schema_version": 0,
          "attributes": {
            "acl": "private",
            "bucket": "sm-di-di-student34",
            "bucket_key_enabled": false,
            "cache_control": "",
            "content": "This is the file 2",
            "content_base64": null,
            "content_disposition": "",
            "content_encoding": "",
            "content_language": "",
            "content_type": "binary/octet-stream",
            "etag": "cf8c1a5669ac3850e27870e8b2b695ec",
            "force_destroy": false,
            "id": "file-3",
            "key": "file-3",
            "kms_key_id": null,
            "metadata": null,
            "object_lock_legal_hold_status": "",
            "object_lock_mode": "",
            "object_lock_retain_until_date": "",
            "server_side_encryption": "",
            "source": null,
            "source_hash": null,
            "storage_class": "STANDARD",
            "tags": null,
            "tags_all": {},
            "version_id": "",
            "website_redirect": ""
          },
          "sensitive_attributes": [],
          "private": "bnVsbA=="
        }
      ]
    },
    {
      "module": "module.file1",
      "mode": "managed",
      "type": "aws_s3_object",
      "name": "output_zip",
      "provider": "module.file1.provider[\"registry.terraform.io/hashicorp/aws\"]",
      "instances": [
        {
          "schema_version": 0,
          "attributes": {
            "acl": null,
            "bucket": "sm-di-di-student34",
            "bucket_key_enabled": false,
            "cache_control": "",
            "content": null,
            "content_base64": null,
            "content_disposition": "",
            "content_encoding": "",
            "content_language": "",
            "content_type": "application/zip",
            "etag": "653fbaa62745ec45149c6a48e3ed33f4",
            "force_destroy": null,
            "id": "output.zip",
            "key": "output.zip",
            "kms_key_id": null,
            "metadata": {},
            "object_lock_legal_hold_status": "",
            "object_lock_mode": "",
            "object_lock_retain_until_date": "",
            "server_side_encryption": "",
            "source": null,
            "source_hash": null,
            "storage_class": "STANDARD",
            "tags": {},
            "tags_all": {},
            "version_id": "",
            "website_redirect": ""
          },
          "sensitive_attributes": [],
          "private": "eyJzY2hlbWFfdmVyc2lvbiI6IjAifQ=="
        }
      ]
    },
    {
      "module": "module.file1",
      "mode": "managed",
      "type": "aws_s3_object",
      "name": "student_alias",
      "provider": "module.file1.provider[\"registry.terraform.io/hashicorp/aws\"]",
      "instances": [
        {
          "schema_version": 0,
          "attributes": {
            "acl": "private",
            "bucket": "sm-di-di-student34",
            "bucket_key_enabled": false,
            "cache_control": "",
            "content": "This bucket is reserved for di-student34. Content from preeset : This is a test file",
            "content_base64": null,
            "content_disposition": "",
            "content_encoding": "",
            "content_language": "",
            "content_type": "binary/octet-stream",
            "etag": "71a3672dfa86884551f6a8ba9dd2fc65",
            "force_destroy": false,
            "id": "file",
            "key": "file",
            "kms_key_id": null,
            "metadata": null,
            "object_lock_legal_hold_status": "",
            "object_lock_mode": "",
            "object_lock_retain_until_date": "",
            "server_side_encryption": "",
            "source": null,
            "source_hash": null,
            "storage_class": "STANDARD",
            "tags": null,
            "tags_all": {},
            "version_id": "",
            "website_redirect": ""
          },
          "sensitive_attributes": [],
          "private": "bnVsbA==",
          "dependencies": [
            "module.file1.data.aws_s3_object.preset"
          ]
        }
      ]
    }
  ]
}
